
Microsoft Visual Studio Solution File, Format Version 12.00
# Visual Studio Version 17
VisualStudioVersion = 17.7.34221.43
MinimumVisualStudioVersion = 10.0.40219.1
Project("{9A19103F-16F7-4668-BE54-9A1E7A4F7556}") = "CarRentalManagement.Server", "CarRentalManagement\Server\CarRentalManagement.Server.csproj", "{4C9149EA-EA9B-4C81-960C-5F5AC9B7F4FF}"
EndProject
Project("{9A19103F-16F7-4668-BE54-9A1E7A4F7556}") = "CarRentalManagement.Client", "CarRentalManagement\Client\CarRentalManagement.Client.csproj", "{EC9E8AB1-2D52-42F5-9384-31F49A117422}"
EndProject
Project("{9A19103F-16F7-4668-BE54-9A1E7A4F7556}") = "CarRentalManagement.Shared", "CarRentalManagement\Shared\CarRentalManagement.Shared.csproj", "{0B1F0373-5243-46A6-8D27-6692BDE3BDF8}"
EndProject
Global
	GlobalSection(SolutionConfigurationPlatforms) = preSolution
		Debug|Any CPU = Debug|Any CPU
		Release|Any CPU = Release|Any CPU
	EndGlobalSection
	GlobalSection(ProjectConfigurationPlatforms) = postSolution
		{4C9149EA-EA9B-4C81-960C-5F5AC9B7F4FF}.Debug|Any CPU.ActiveCfg = Debug|Any CPU
		{4C9149EA-EA9B-4C81-960C-5F5AC9B7F4FF}.Debug|Any CPU.Build.0 = Debug|Any CPU
		{4C9149EA-EA9B-4C81-960C-5F5AC9B7F4FF}.Release|Any CPU.ActiveCfg = Release|Any CPU
		{4C9149EA-EA9B-4C81-960C-5F5AC9B7F4FF}.Release|Any CPU.Build.0 = Release|Any CPU
		{EC9E8AB1-2D52-42F5-9384-31F49A117422}.Debug|Any CPU.ActiveCfg = Debug|Any CPU
		{EC9E8AB1-2D52-42F5-9384-31F49A117422}.Debug|Any CPU.Build.0 = Debug|Any CPU
		{EC9E8AB1-2D52-42F5-9384-31F49A117422}.Release|Any CPU.ActiveCfg = Release|Any CPU
		{EC9E8AB1-2D52-42F5-9384-31F49A117422}.Release|Any CPU.Build.0 = Release|Any CPU
		{0B1F0373-5243-46A6-8D27-6692BDE3BDF8}.Debug|Any CPU.ActiveCfg = Debug|Any CPU
		{0B1F0373-5243-46A6-8D27-6692BDE3BDF8}.Debug|Any CPU.Build.0 = Debug|Any CPU
		{0B1F0373-5243-46A6-8D27-6692BDE3BDF8}.Release|Any CPU.ActiveCfg = Release|Any CPU
		{0B1F0373-5243-46A6-8D27-6692BDE3BDF8}.Release|Any CPU.Build.0 = Release|Any CPU
	EndGlobalSection
	GlobalSection(SolutionProperties) = preSolution
		HideSolutionNode = FALSE
	EndGlobalSection
	GlobalSection(ExtensibilityGlobals) = postSolution
		SolutionGuid = {BF10DB1A-CCA9-498D-9574-DAE12B8DEE3F}
	EndGlobalSection
EndGlobal
